// !$*UTF8*$!
{
	archiveVersion = 1;
	classes = {
	};
	objectVersion = 77;
	objects = {

/* Begin PBXBuildFile section */
		7A2853552D89761200638A02 /* SnapKit in Frameworks */ = {isa = PBXBuildFile; productRef = 7A2853542D89761200638A02 /* SnapKit */; };
		B10C71722D89166C00DD41B6 /* Assets.xcassets in Resources */ = {isa = PBXBuildFile; fileRef = B10C716B2D89166C00DD41B6 /* Assets.xcassets */; };
		B10C71742D89166C00DD41B6 /* LaunchScreen.storyboard in Resources */ = {isa = PBXBuildFile; fileRef = B10C716E2D89166C00DD41B6 /* LaunchScreen.storyboard */; };
		B10C71752D89166C00DD41B6 /* AppDelegate.swift in Sources */ = {isa = PBXBuildFile; fileRef = B10C716A2D89166C00DD41B6 /* AppDelegate.swift */; };
		B10C71762D89166C00DD41B6 /* SceneDelegate.swift in Sources */ = {isa = PBXBuildFile; fileRef = B10C716F2D89166C00DD41B6 /* SceneDelegate.swift */; };
		B10C71772D89166C00DD41B6 /* ProductViewController.swift in Sources */ = {isa = PBXBuildFile; fileRef = B10C71702D89166C00DD41B6 /* ProductViewController.swift */; };
		B10C717B2D8918F800DD41B6 /* CatalogViewController.swift in Sources */ = {isa = PBXBuildFile; fileRef = B10C717A2D8918F800DD41B6 /* CatalogViewController.swift */; };
		B10C718D2D8BBC7300DD41B6 /* Resources.swift in Sources */ = {isa = PBXBuildFile; fileRef = B10C718C2D8BBC7300DD41B6 /* Resources.swift */; };
		B10C71952D8C21C500DD41B6 /* PrimaryButton.swift in Sources */ = {isa = PBXBuildFile; fileRef = B10C71942D8C21C500DD41B6 /* PrimaryButton.swift */; };
		B10C71BD2D8C2C1300DD41B6 /* SFProText-Bold.ttf in Resources */ = {isa = PBXBuildFile; fileRef = B10C71B02D8C286200DD41B6 /* SFProText-Bold.ttf */; };
		B10C71BE2D8C2C1300DD41B6 /* SFProText-Regular.ttf in Resources */ = {isa = PBXBuildFile; fileRef = B10C71B82D8C286200DD41B6 /* SFProText-Regular.ttf */; };
		B10C71BF2D8C2F8B00DD41B6 /* SFProText-Semibold.ttf in Resources */ = {isa = PBXBuildFile; fileRef = B10C71BA2D8C286200DD41B6 /* SFProText-Semibold.ttf */; };
		B10C71C12D8E96D100DD41B6 /* SecondaryButton.swift in Sources */ = {isa = PBXBuildFile; fileRef = B10C71C02D8E96D100DD41B6 /* SecondaryButton.swift */; };
		B10C71C32D8FDF5B00DD41B6 /* SizeEntityView.swift in Sources */ = {isa = PBXBuildFile; fileRef = B10C71C22D8FDF5B00DD41B6 /* SizeEntityView.swift */; };
		B10C71C52D910B7900DD41B6 /* View+extension.swift in Sources */ = {isa = PBXBuildFile; fileRef = B10C71C42D910B7900DD41B6 /* View+extension.swift */; };
		B10C71E22D9D45DF00DD41B6 /* BasketViewController.swift in Sources */ = {isa = PBXBuildFile; fileRef = B10C71E12D9D45DF00DD41B6 /* BasketViewController.swift */; };
		B10C71E52D9D465A00DD41B6 /* TabBarController.swift in Sources */ = {isa = PBXBuildFile; fileRef = B10C71E42D9D465A00DD41B6 /* TabBarController.swift */; };
		B10C71E72D9D467E00DD41B6 /* TabBarButton.swift in Sources */ = {isa = PBXBuildFile; fileRef = B10C71E62D9D467E00DD41B6 /* TabBarButton.swift */; };
		B16D75D12D9E40D600B741E6 /* ClothesTypeEntityView.swift in Sources */ = {isa = PBXBuildFile; fileRef = B16D75D02D9E40D600B741E6 /* ClothesTypeEntityView.swift */; };
		B16D75D32DA0FA0800B741E6 /* CatalogProductCell.swift in Sources */ = {isa = PBXBuildFile; fileRef = B16D75D22DA0FA0800B741E6 /* CatalogProductCell.swift */; };
		B16D75D52DA1468000B741E6 /* ProductModel.swift in Sources */ = {isa = PBXBuildFile; fileRef = B16D75D42DA1468000B741E6 /* ProductModel.swift */; };
		B16D75F82DABE72400B741E6 /* NetworkError.swift in Sources */ = {isa = PBXBuildFile; fileRef = B16D75F72DABE72400B741E6 /* NetworkError.swift */; };
		B16D75FA2DABE75700B741E6 /* NetworkRequest.swift in Sources */ = {isa = PBXBuildFile; fileRef = B16D75F92DABE75700B741E6 /* NetworkRequest.swift */; };
/* End PBXBuildFile section */

/* Begin PBXFileReference section */
		B10C71522D89164200DD41B6 /* testApp2.app */ = {isa = PBXFileReference; explicitFileType = wrapper.application; includeInIndex = 0; path = testApp2.app; sourceTree = BUILT_PRODUCTS_DIR; };
		B10C716A2D89166C00DD41B6 /* AppDelegate.swift */ = {isa = PBXFileReference; lastKnownFileType = sourcecode.swift; path = AppDelegate.swift; sourceTree = "<group>"; };
		B10C716B2D89166C00DD41B6 /* Assets.xcassets */ = {isa = PBXFileReference; lastKnownFileType = folder.assetcatalog; path = Assets.xcassets; sourceTree = "<group>"; };
		B10C716C2D89166C00DD41B6 /* Info.plist */ = {isa = PBXFileReference; lastKnownFileType = text.plist.xml; path = Info.plist; sourceTree = "<group>"; };
		B10C716D2D89166C00DD41B6 /* Base */ = {isa = PBXFileReference; lastKnownFileType = file.storyboard; name = Base; path = Base.lproj/LaunchScreen.storyboard; sourceTree = "<group>"; };
		B10C716F2D89166C00DD41B6 /* SceneDelegate.swift */ = {isa = PBXFileReference; lastKnownFileType = sourcecode.swift; path = SceneDelegate.swift; sourceTree = "<group>"; };
		B10C71702D89166C00DD41B6 /* ProductViewController.swift */ = {isa = PBXFileReference; lastKnownFileType = sourcecode.swift; path = ProductViewController.swift; sourceTree = "<group>"; };
		B10C717A2D8918F800DD41B6 /* CatalogViewController.swift */ = {isa = PBXFileReference; lastKnownFileType = sourcecode.swift; path = CatalogViewController.swift; sourceTree = "<group>"; };
		B10C718C2D8BBC7300DD41B6 /* Resources.swift */ = {isa = PBXFileReference; lastKnownFileType = sourcecode.swift; path = Resources.swift; sourceTree = "<group>"; };
		B10C71942D8C21C500DD41B6 /* PrimaryButton.swift */ = {isa = PBXFileReference; lastKnownFileType = sourcecode.swift; path = PrimaryButton.swift; sourceTree = "<group>"; };
		B10C71B02D8C286200DD41B6 /* SFProText-Bold.ttf */ = {isa = PBXFileReference; lastKnownFileType = file; path = "SFProText-Bold.ttf"; sourceTree = "<group>"; };
		B10C71B12D8C286200DD41B6 /* SFProText-BoldItalic.ttf */ = {isa = PBXFileReference; lastKnownFileType = file; path = "SFProText-BoldItalic.ttf"; sourceTree = "<group>"; };
		B10C71B22D8C286200DD41B6 /* SFProText-Heavy.ttf */ = {isa = PBXFileReference; lastKnownFileType = file; path = "SFProText-Heavy.ttf"; sourceTree = "<group>"; };
		B10C71B32D8C286200DD41B6 /* SFProText-HeavyItalic.ttf */ = {isa = PBXFileReference; lastKnownFileType = file; path = "SFProText-HeavyItalic.ttf"; sourceTree = "<group>"; };
		B10C71B42D8C286200DD41B6 /* SFProText-Light.ttf */ = {isa = PBXFileReference; lastKnownFileType = file; path = "SFProText-Light.ttf"; sourceTree = "<group>"; };
		B10C71B52D8C286200DD41B6 /* SFProText-LightItalic.ttf */ = {isa = PBXFileReference; lastKnownFileType = file; path = "SFProText-LightItalic.ttf"; sourceTree = "<group>"; };
		B10C71B62D8C286200DD41B6 /* SFProText-Medium.ttf */ = {isa = PBXFileReference; lastKnownFileType = file; path = "SFProText-Medium.ttf"; sourceTree = "<group>"; };
		B10C71B72D8C286200DD41B6 /* SFProText-MediumItalic.ttf */ = {isa = PBXFileReference; lastKnownFileType = file; path = "SFProText-MediumItalic.ttf"; sourceTree = "<group>"; };
		B10C71B82D8C286200DD41B6 /* SFProText-Regular.ttf */ = {isa = PBXFileReference; lastKnownFileType = file; path = "SFProText-Regular.ttf"; sourceTree = "<group>"; };
		B10C71B92D8C286200DD41B6 /* SFProText-RegularItalic.ttf */ = {isa = PBXFileReference; lastKnownFileType = file; path = "SFProText-RegularItalic.ttf"; sourceTree = "<group>"; };
		B10C71BA2D8C286200DD41B6 /* SFProText-Semibold.ttf */ = {isa = PBXFileReference; lastKnownFileType = file; path = "SFProText-Semibold.ttf"; sourceTree = "<group>"; };
		B10C71BB2D8C286200DD41B6 /* SFProText-SemiboldItalic.ttf */ = {isa = PBXFileReference; lastKnownFileType = file; path = "SFProText-SemiboldItalic.ttf"; sourceTree = "<group>"; };
		B10C71C02D8E96D100DD41B6 /* SecondaryButton.swift */ = {isa = PBXFileReference; lastKnownFileType = sourcecode.swift; path = SecondaryButton.swift; sourceTree = "<group>"; };
		B10C71C22D8FDF5B00DD41B6 /* SizeEntityView.swift */ = {isa = PBXFileReference; lastKnownFileType = sourcecode.swift; path = SizeEntityView.swift; sourceTree = "<group>"; };
		B10C71C42D910B7900DD41B6 /* View+extension.swift */ = {isa = PBXFileReference; lastKnownFileType = sourcecode.swift; path = "View+extension.swift"; sourceTree = "<group>"; };
		B10C71E12D9D45DF00DD41B6 /* BasketViewController.swift */ = {isa = PBXFileReference; lastKnownFileType = sourcecode.swift; path = BasketViewController.swift; sourceTree = "<group>"; };
		B10C71E42D9D465A00DD41B6 /* TabBarController.swift */ = {isa = PBXFileReference; lastKnownFileType = sourcecode.swift; path = TabBarController.swift; sourceTree = "<group>"; };
		B10C71E62D9D467E00DD41B6 /* TabBarButton.swift */ = {isa = PBXFileReference; lastKnownFileType = sourcecode.swift; path = TabBarButton.swift; sourceTree = "<group>"; };
		B16D75D02D9E40D600B741E6 /* ClothesTypeEntityView.swift */ = {isa = PBXFileReference; lastKnownFileType = sourcecode.swift; path = ClothesTypeEntityView.swift; sourceTree = "<group>"; };
		B16D75D22DA0FA0800B741E6 /* CatalogProductCell.swift */ = {isa = PBXFileReference; lastKnownFileType = sourcecode.swift; path = CatalogProductCell.swift; sourceTree = "<group>"; };
		B16D75D42DA1468000B741E6 /* ProductModel.swift */ = {isa = PBXFileReference; lastKnownFileType = sourcecode.swift; path = ProductModel.swift; sourceTree = "<group>"; };
		B16D75F72DABE72400B741E6 /* NetworkError.swift */ = {isa = PBXFileReference; lastKnownFileType = sourcecode.swift; path = NetworkError.swift; sourceTree = "<group>"; };
		B16D75F92DABE75700B741E6 /* NetworkRequest.swift */ = {isa = PBXFileReference; lastKnownFileType = sourcecode.swift; path = NetworkRequest.swift; sourceTree = "<group>"; };
/* End PBXFileReference section */

/* Begin PBXFrameworksBuildPhase section */
		B10C714F2D89164200DD41B6 /* Frameworks */ = {
			isa = PBXFrameworksBuildPhase;
			buildActionMask = 2147483647;
			files = (
				7A2853552D89761200638A02 /* SnapKit in Frameworks */,
			);
			runOnlyForDeploymentPostprocessing = 0;
		};
/* End PBXFrameworksBuildPhase section */

/* Begin PBXGroup section */
		B10C71492D89164200DD41B6 = {
			isa = PBXGroup;
			children = (
				B10C71712D89166C00DD41B6 /* testApp2 */,
				B10C71532D89164200DD41B6 /* Products */,
			);
			sourceTree = "<group>";
		};
		B10C71532D89164200DD41B6 /* Products */ = {
			isa = PBXGroup;
			children = (
				B10C71522D89164200DD41B6 /* testApp2.app */,
			);
			name = Products;
			sourceTree = "<group>";
		};
		B10C71712D89166C00DD41B6 /* testApp2 */ = {
			isa = PBXGroup;
			children = (
				B16D75F62DABE71700B741E6 /* Network */,
				B10C718E2D8BBFD300DD41B6 /* Resources */,
				B10C71E32D9D462500DD41B6 /* TabBar */,
				B10C71782D89166F00DD41B6 /* ViewControllers */,
				B10C71792D89167E00DD41B6 /* Support */,
				B10C716C2D89166C00DD41B6 /* Info.plist */,
				B10C71BC2D8C288600DD41B6 /* Fonts */,
			);
			path = testApp2;
			sourceTree = "<group>";
		};
		B10C71782D89166F00DD41B6 /* ViewControllers */ = {
			isa = PBXGroup;
			children = (
				B10C71E02D9D457700DD41B6 /* BasketViewController */,
				B10C71922D8C218E00DD41B6 /* CatalogViewController */,
			);
			path = ViewControllers;
			sourceTree = "<group>";
		};
		B10C71792D89167E00DD41B6 /* Support */ = {
			isa = PBXGroup;
			children = (
				B10C716A2D89166C00DD41B6 /* AppDelegate.swift */,
				B10C716B2D89166C00DD41B6 /* Assets.xcassets */,
				B10C716E2D89166C00DD41B6 /* LaunchScreen.storyboard */,
				B10C716F2D89166C00DD41B6 /* SceneDelegate.swift */,
			);
			path = Support;
			sourceTree = "<group>";
		};
		B10C718E2D8BBFD300DD41B6 /* Resources */ = {
			isa = PBXGroup;
			children = (
				B10C718C2D8BBC7300DD41B6 /* Resources.swift */,
				B10C71C42D910B7900DD41B6 /* View+extension.swift */,
			);
			path = Resources;
			sourceTree = "<group>";
		};
		B10C71912D8C217200DD41B6 /* ProductViewController */ = {
			isa = PBXGroup;
			children = (
				B10C71702D89166C00DD41B6 /* ProductViewController.swift */,
				B10C71932D8C21A800DD41B6 /* Views */,
			);
			path = ProductViewController;
			sourceTree = "<group>";
		};
		B10C71922D8C218E00DD41B6 /* CatalogViewController */ = {
			isa = PBXGroup;
			children = (
				B10C717A2D8918F800DD41B6 /* CatalogViewController.swift */,
				B16D75D02D9E40D600B741E6 /* ClothesTypeEntityView.swift */,
				B16D75D22DA0FA0800B741E6 /* CatalogProductCell.swift */,
				B16D75D42DA1468000B741E6 /* ProductModel.swift */,
				B10C71912D8C217200DD41B6 /* ProductViewController */,
			);
			path = CatalogViewController;
			sourceTree = "<group>";
		};
		B10C71932D8C21A800DD41B6 /* Views */ = {
			isa = PBXGroup;
			children = (
				B10C71942D8C21C500DD41B6 /* PrimaryButton.swift */,
				B10C71C02D8E96D100DD41B6 /* SecondaryButton.swift */,
				B10C71C22D8FDF5B00DD41B6 /* SizeEntityView.swift */,
			);
			path = Views;
			sourceTree = "<group>";
		};
		B10C71BC2D8C288600DD41B6 /* Fonts */ = {
			isa = PBXGroup;
			children = (
				B10C71B12D8C286200DD41B6 /* SFProText-BoldItalic.ttf */,
				B10C71B72D8C286200DD41B6 /* SFProText-MediumItalic.ttf */,
				B10C71B22D8C286200DD41B6 /* SFProText-Heavy.ttf */,
				B10C71B42D8C286200DD41B6 /* SFProText-Light.ttf */,
				B10C71B62D8C286200DD41B6 /* SFProText-Medium.ttf */,
				B10C71B32D8C286200DD41B6 /* SFProText-HeavyItalic.ttf */,
				B10C71B02D8C286200DD41B6 /* SFProText-Bold.ttf */,
				B10C71BB2D8C286200DD41B6 /* SFProText-SemiboldItalic.ttf */,
				B10C71B52D8C286200DD41B6 /* SFProText-LightItalic.ttf */,
				B10C71B82D8C286200DD41B6 /* SFProText-Regular.ttf */,
				B10C71B92D8C286200DD41B6 /* SFProText-RegularItalic.ttf */,
				B10C71BA2D8C286200DD41B6 /* SFProText-Semibold.ttf */,
			);
			path = Fonts;
			sourceTree = "<group>";
		};
		B10C71E02D9D457700DD41B6 /* BasketViewController */ = {
			isa = PBXGroup;
			children = (
				B10C71E12D9D45DF00DD41B6 /* BasketViewController.swift */,
			);
			path = BasketViewController;
			sourceTree = "<group>";
		};
		B10C71E32D9D462500DD41B6 /* TabBar */ = {
			isa = PBXGroup;
			children = (
				B10C71E42D9D465A00DD41B6 /* TabBarController.swift */,
				B10C71E62D9D467E00DD41B6 /* TabBarButton.swift */,
			);
			path = TabBar;
			sourceTree = "<group>";
		};
		B16D75F62DABE71700B741E6 /* Network */ = {
			isa = PBXGroup;
			children = (
				B16D75F72DABE72400B741E6 /* NetworkError.swift */,
				B16D75F92DABE75700B741E6 /* NetworkRequest.swift */,
			);
			path = Network;
			sourceTree = "<group>";
		};
/* End PBXGroup section */

/* Begin PBXNativeTarget section */
		B10C71512D89164200DD41B6 /* testApp2 */ = {
			isa = PBXNativeTarget;
			buildConfigurationList = B10C71652D89164500DD41B6 /* Build configuration list for PBXNativeTarget "testApp2" */;
			buildPhases = (
				B10C714E2D89164200DD41B6 /* Sources */,
				B10C714F2D89164200DD41B6 /* Frameworks */,
				B10C71502D89164200DD41B6 /* Resources */,
			);
			buildRules = (
			);
			dependencies = (
			);
			name = testApp2;
			packageProductDependencies = (
				7A2853542D89761200638A02 /* SnapKit */,
			);
			productName = testApp2;
			productReference = B10C71522D89164200DD41B6 /* testApp2.app */;
			productType = "com.apple.product-type.application";
		};
/* End PBXNativeTarget section */

/* Begin PBXProject section */
		B10C714A2D89164200DD41B6 /* Project object */ = {
			isa = PBXProject;
			attributes = {
				BuildIndependentTargetsInParallel = 1;
				LastSwiftUpdateCheck = 1600;
				LastUpgradeCheck = 1600;
				TargetAttributes = {
					B10C71512D89164200DD41B6 = {
						CreatedOnToolsVersion = 16.0;
					};
				};
			};
			buildConfigurationList = B10C714D2D89164200DD41B6 /* Build configuration list for PBXProject "testApp2" */;
			developmentRegion = en;
			hasScannedForEncodings = 0;
			knownRegions = (
				en,
				Base,
			);
			mainGroup = B10C71492D89164200DD41B6;
			minimizedProjectReferenceProxies = 1;
			packageReferences = (
				7A2853532D89761200638A02 /* XCRemoteSwiftPackageReference "SnapKit" */,
			);
			preferredProjectObjectVersion = 77;
			productRefGroup = B10C71532D89164200DD41B6 /* Products */;
			projectDirPath = "";
			projectRoot = "";
			targets = (
				B10C71512D89164200DD41B6 /* testApp2 */,
			);
		};
/* End PBXProject section */

/* Begin PBXResourcesBuildPhase section */
		B10C71502D89164200DD41B6 /* Resources */ = {
			isa = PBXResourcesBuildPhase;
			buildActionMask = 2147483647;
			files = (
				B10C71BF2D8C2F8B00DD41B6 /* SFProText-Semibold.ttf in Resources */,
				B10C71BD2D8C2C1300DD41B6 /* SFProText-Bold.ttf in Resources */,
				B10C71BE2D8C2C1300DD41B6 /* SFProText-Regular.ttf in Resources */,
				B10C71722D89166C00DD41B6 /* Assets.xcassets in Resources */,
				B10C71742D89166C00DD41B6 /* LaunchScreen.storyboard in Resources */,
			);
			runOnlyForDeploymentPostprocessing = 0;
		};
/* End PBXResourcesBuildPhase section */

/* Begin PBXSourcesBuildPhase section */
		B10C714E2D89164200DD41B6 /* Sources */ = {
			isa = PBXSourcesBuildPhase;
			buildActionMask = 2147483647;
			files = (
				B10C71E22D9D45DF00DD41B6 /* BasketViewController.swift in Sources */,
				B16D75F82DABE72400B741E6 /* NetworkError.swift in Sources */,
				B10C71C12D8E96D100DD41B6 /* SecondaryButton.swift in Sources */,
				B10C71E52D9D465A00DD41B6 /* TabBarController.swift in Sources */,
				B10C71952D8C21C500DD41B6 /* PrimaryButton.swift in Sources */,
				B10C71C32D8FDF5B00DD41B6 /* SizeEntityView.swift in Sources */,
				B16D75D32DA0FA0800B741E6 /* CatalogProductCell.swift in Sources */,
				B16D75D52DA1468000B741E6 /* ProductModel.swift in Sources */,
				B10C71E72D9D467E00DD41B6 /* TabBarButton.swift in Sources */,
				B10C71752D89166C00DD41B6 /* AppDelegate.swift in Sources */,
				B10C71762D89166C00DD41B6 /* SceneDelegate.swift in Sources */,
				B10C71772D89166C00DD41B6 /* ProductViewController.swift in Sources */,
				B16D75D12D9E40D600B741E6 /* ClothesTypeEntityView.swift in Sources */,
				B10C718D2D8BBC7300DD41B6 /* Resources.swift in Sources */,
				B10C71C52D910B7900DD41B6 /* View+extension.swift in Sources */,
				B10C717B2D8918F800DD41B6 /* CatalogViewController.swift in Sources */,
				B16D75FA2DABE75700B741E6 /* NetworkRequest.swift in Sources */,
			);
			runOnlyForDeploymentPostprocessing = 0;
		};
/* End PBXSourcesBuildPhase section */

/* Begin PBXVariantGroup section */
		B10C716E2D89166C00DD41B6 /* LaunchScreen.storyboard */ = {
			isa = PBXVariantGroup;
			children = (
				B10C716D2D89166C00DD41B6 /* Base */,
			);
			name = LaunchScreen.storyboard;
			sourceTree = "<group>";
		};
/* End PBXVariantGroup section */

/* Begin XCBuildConfiguration section */
		B10C71662D89164500DD41B6 /* Debug */ = {
			isa = XCBuildConfiguration;
			buildSettings = {
				ASSETCATALOG_COMPILER_APPICON_NAME = AppIcon;
				ASSETCATALOG_COMPILER_GLOBAL_ACCENT_COLOR_NAME = AccentColor;
				CODE_SIGN_STYLE = Automatic;
				CURRENT_PROJECT_VERSION = 1;
				GENERATE_INFOPLIST_FILE = YES;
				INFOPLIST_FILE = testApp2/Info.plist;
				INFOPLIST_KEY_UIApplicationSupportsIndirectInputEvents = YES;
				INFOPLIST_KEY_UILaunchStoryboardName = LaunchScreen;
				INFOPLIST_KEY_UISupportedInterfaceOrientations_iPad = "UIInterfaceOrientationPortrait UIInterfaceOrientationPortraitUpsideDown UIInterfaceOrientationLandscapeLeft UIInterfaceOrientationLandscapeRight";
				INFOPLIST_KEY_UISupportedInterfaceOrientations_iPhone = "UIInterfaceOrientationPortrait UIInterfaceOrientationLandscapeLeft UIInterfaceOrientationLandscapeRight";
				LD_RUNPATH_SEARCH_PATHS = (
					"$(inherited)",
					"@executable_path/Frameworks",
				);
				MARKETING_VERSION = 1.0;
				PRODUCT_BUNDLE_IDENTIFIER = "alex-p.testApp2";
				PRODUCT_NAME = "$(TARGET_NAME)";
				SUPPORTED_PLATFORMS = "iphoneos iphonesimulator";
				SUPPORTS_MACCATALYST = NO;
				SUPPORTS_MAC_DESIGNED_FOR_IPHONE_IPAD = NO;
				SUPPORTS_XR_DESIGNED_FOR_IPHONE_IPAD = NO;
				SWIFT_EMIT_LOC_STRINGS = YES;
				SWIFT_VERSION = 5.0;
				TARGETED_DEVICE_FAMILY = 1;
			};
			name = Debug;
		};
		B10C71672D89164500DD41B6 /* Release */ = {
			isa = XCBuildConfiguration;
			buildSettings = {
				ASSETCATALOG_COMPILER_APPICON_NAME = AppIcon;
				ASSETCATALOG_COMPILER_GLOBAL_ACCENT_COLOR_NAME = AccentColor;
				CODE_SIGN_STYLE = Automatic;
				CURRENT_PROJECT_VERSION = 1;
				GENERATE_INFOPLIST_FILE = YES;
				INFOPLIST_FILE = testApp2/Info.plist;
				INFOPLIST_KEY_UIApplicationSupportsIndirectInputEvents = YES;
				INFOPLIST_KEY_UILaunchStoryboardName = LaunchScreen;
				INFOPLIST_KEY_UISupportedInterfaceOrientations_iPad = "UIInterfaceOrientationPortrait UIInterfaceOrientationPortraitUpsideDown UIInterfaceOrientationLandscapeLeft UIInterfaceOrientationLandscapeRight";
				INFOPLIST_KEY_UISupportedInterfaceOrientations_iPhone = "UIInterfaceOrientationPortrait UIInterfaceOrientationLandscapeLeft UIInterfaceOrientationLandscapeRight";
				LD_RUNPATH_SEARCH_PATHS = (
					"$(inherited)",
					"@executable_path/Frameworks",
				);
				MARKETING_VERSION = 1.0;
				PRODUCT_BUNDLE_IDENTIFIER = "alex-p.testApp2";
				PRODUCT_NAME = "$(TARGET_NAME)";
				SUPPORTED_PLATFORMS = "iphoneos iphonesimulator";
				SUPPORTS_MACCATALYST = NO;
				SUPPORTS_MAC_DESIGNED_FOR_IPHONE_IPAD = NO;
				SUPPORTS_XR_DESIGNED_FOR_IPHONE_IPAD = NO;
				SWIFT_EMIT_LOC_STRINGS = YES;
				SWIFT_VERSION = 5.0;
				TARGETED_DEVICE_FAMILY = 1;
			};
			name = Release;
		};
		B10C71682D89164500DD41B6 /* Debug */ = {
			isa = XCBuildConfiguration;
			buildSettings = {
				ALWAYS_SEARCH_USER_PATHS = NO;
				ASSETCATALOG_COMPILER_GENERATE_SWIFT_ASSET_SYMBOL_EXTENSIONS = YES;
				CLANG_ANALYZER_NONNULL = YES;
				CLANG_ANALYZER_NUMBER_OBJECT_CONVERSION = YES_AGGRESSIVE;
				CLANG_CXX_LANGUAGE_STANDARD = "gnu++20";
				CLANG_ENABLE_MODULES = YES;
				CLANG_ENABLE_OBJC_ARC = YES;
				CLANG_ENABLE_OBJC_WEAK = YES;
				CLANG_WARN_BLOCK_CAPTURE_AUTORELEASING = YES;
				CLANG_WARN_BOOL_CONVERSION = YES;
				CLANG_WARN_COMMA = YES;
				CLANG_WARN_CONSTANT_CONVERSION = YES;
				CLANG_WARN_DEPRECATED_OBJC_IMPLEMENTATIONS = YES;
				CLANG_WARN_DIRECT_OBJC_ISA_USAGE = YES_ERROR;
				CLANG_WARN_DOCUMENTATION_COMMENTS = YES;
				CLANG_WARN_EMPTY_BODY = YES;
				CLANG_WARN_ENUM_CONVERSION = YES;
				CLANG_WARN_INFINITE_RECURSION = YES;
				CLANG_WARN_INT_CONVERSION = YES;
				CLANG_WARN_NON_LITERAL_NULL_CONVERSION = YES;
				CLANG_WARN_OBJC_IMPLICIT_RETAIN_SELF = YES;
				CLANG_WARN_OBJC_LITERAL_CONVERSION = YES;
				CLANG_WARN_OBJC_ROOT_CLASS = YES_ERROR;
				CLANG_WARN_QUOTED_INCLUDE_IN_FRAMEWORK_HEADER = YES;
				CLANG_WARN_RANGE_LOOP_ANALYSIS = YES;
				CLANG_WARN_STRICT_PROTOTYPES = YES;
				CLANG_WARN_SUSPICIOUS_MOVE = YES;
				CLANG_WARN_UNGUARDED_AVAILABILITY = YES_AGGRESSIVE;
				CLANG_WARN_UNREACHABLE_CODE = YES;
				CLANG_WARN__DUPLICATE_METHOD_MATCH = YES;
				COPY_PHASE_STRIP = NO;
				DEBUG_INFORMATION_FORMAT = dwarf;
				ENABLE_STRICT_OBJC_MSGSEND = YES;
				ENABLE_TESTABILITY = YES;
				ENABLE_USER_SCRIPT_SANDBOXING = YES;
				GCC_C_LANGUAGE_STANDARD = gnu17;
				GCC_DYNAMIC_NO_PIC = NO;
				GCC_NO_COMMON_BLOCKS = YES;
				GCC_OPTIMIZATION_LEVEL = 0;
				GCC_PREPROCESSOR_DEFINITIONS = (
					"DEBUG=1",
					"$(inherited)",
				);
				GCC_WARN_64_TO_32_BIT_CONVERSION = YES;
				GCC_WARN_ABOUT_RETURN_TYPE = YES_ERROR;
				GCC_WARN_UNDECLARED_SELECTOR = YES;
				GCC_WARN_UNINITIALIZED_AUTOS = YES_AGGRESSIVE;
				GCC_WARN_UNUSED_FUNCTION = YES;
				GCC_WARN_UNUSED_VARIABLE = YES;
				IPHONEOS_DEPLOYMENT_TARGET = 18.0;
				LOCALIZATION_PREFERS_STRING_CATALOGS = YES;
				MTL_ENABLE_DEBUG_INFO = INCLUDE_SOURCE;
				MTL_FAST_MATH = YES;
				ONLY_ACTIVE_ARCH = YES;
				SDKROOT = iphoneos;
				SWIFT_ACTIVE_COMPILATION_CONDITIONS = "DEBUG $(inherited)";
				SWIFT_OPTIMIZATION_LEVEL = "-Onone";
			};
			name = Debug;
		};
		B10C71692D89164500DD41B6 /* Release */ = {
			isa = XCBuildConfiguration;
			buildSettings = {
				ALWAYS_SEARCH_USER_PATHS = NO;
				ASSETCATALOG_COMPILER_GENERATE_SWIFT_ASSET_SYMBOL_EXTENSIONS = YES;
				CLANG_ANALYZER_NONNULL = YES;
				CLANG_ANALYZER_NUMBER_OBJECT_CONVERSION = YES_AGGRESSIVE;
				CLANG_CXX_LANGUAGE_STANDARD = "gnu++20";
				CLANG_ENABLE_MODULES = YES;
				CLANG_ENABLE_OBJC_ARC = YES;
				CLANG_ENABLE_OBJC_WEAK = YES;
				CLANG_WARN_BLOCK_CAPTURE_AUTORELEASING = YES;
				CLANG_WARN_BOOL_CONVERSION = YES;
				CLANG_WARN_COMMA = YES;
				CLANG_WARN_CONSTANT_CONVERSION = YES;
				CLANG_WARN_DEPRECATED_OBJC_IMPLEMENTATIONS = YES;
				CLANG_WARN_DIRECT_OBJC_ISA_USAGE = YES_ERROR;
				CLANG_WARN_DOCUMENTATION_COMMENTS = YES;
				CLANG_WARN_EMPTY_BODY = YES;
				CLANG_WARN_ENUM_CONVERSION = YES;
				CLANG_WARN_INFINITE_RECURSION = YES;
				CLANG_WARN_INT_CONVERSION = YES;
				CLANG_WARN_NON_LITERAL_NULL_CONVERSION = YES;
				CLANG_WARN_OBJC_IMPLICIT_RETAIN_SELF = YES;
				CLANG_WARN_OBJC_LITERAL_CONVERSION = YES;
				CLANG_WARN_OBJC_ROOT_CLASS = YES_ERROR;
				CLANG_WARN_QUOTED_INCLUDE_IN_FRAMEWORK_HEADER = YES;
				CLANG_WARN_RANGE_LOOP_ANALYSIS = YES;
				CLANG_WARN_STRICT_PROTOTYPES = YES;
				CLANG_WARN_SUSPICIOUS_MOVE = YES;
				CLANG_WARN_UNGUARDED_AVAILABILITY = YES_AGGRESSIVE;
				CLANG_WARN_UNREACHABLE_CODE = YES;
				CLANG_WARN__DUPLICATE_METHOD_MATCH = YES;
				COPY_PHASE_STRIP = NO;
				DEBUG_INFORMATION_FORMAT = "dwarf-with-dsym";
				ENABLE_NS_ASSERTIONS = NO;
				ENABLE_STRICT_OBJC_MSGSEND = YES;
				ENABLE_USER_SCRIPT_SANDBOXING = YES;
				GCC_C_LANGUAGE_STANDARD = gnu17;
				GCC_NO_COMMON_BLOCKS = YES;
				GCC_WARN_64_TO_32_BIT_CONVERSION = YES;
				GCC_WARN_ABOUT_RETURN_TYPE = YES_ERROR;
				GCC_WARN_UNDECLARED_SELECTOR = YES;
				GCC_WARN_UNINITIALIZED_AUTOS = YES_AGGRESSIVE;
				GCC_WARN_UNUSED_FUNCTION = YES;
				GCC_WARN_UNUSED_VARIABLE = YES;
				IPHONEOS_DEPLOYMENT_TARGET = 18.0;
				LOCALIZATION_PREFERS_STRING_CATALOGS = YES;
				MTL_ENABLE_DEBUG_INFO = NO;
				MTL_FAST_MATH = YES;
				SDKROOT = iphoneos;
				SWIFT_COMPILATION_MODE = wholemodule;
				VALIDATE_PRODUCT = YES;
			};
			name = Release;
		};
/* End XCBuildConfiguration section */

/* Begin XCConfigurationList section */
		B10C714D2D89164200DD41B6 /* Build configuration list for PBXProject "testApp2" */ = {
			isa = XCConfigurationList;
			buildConfigurations = (
				B10C71682D89164500DD41B6 /* Debug */,
				B10C71692D89164500DD41B6 /* Release */,
			);
			defaultConfigurationIsVisible = 0;
			defaultConfigurationName = Release;
		};
		B10C71652D89164500DD41B6 /* Build configuration list for PBXNativeTarget "testApp2" */ = {
			isa = XCConfigurationList;
			buildConfigurations = (
				B10C71662D89164500DD41B6 /* Debug */,
				B10C71672D89164500DD41B6 /* Release */,
			);
			defaultConfigurationIsVisible = 0;
			defaultConfigurationName = Release;
		};
/* End XCConfigurationList section */

/* Begin XCRemoteSwiftPackageReference section */
		7A2853532D89761200638A02 /* XCRemoteSwiftPackageReference "SnapKit" */ = {
			isa = XCRemoteSwiftPackageReference;
			repositoryURL = "https://github.com/SnapKit/SnapKit.git";
			requirement = {
				kind = exactVersion;
				version = 5.7.1;
			};
		};
/* End XCRemoteSwiftPackageReference section */

/* Begin XCSwiftPackageProductDependency section */
		7A2853542D89761200638A02 /* SnapKit */ = {
			isa = XCSwiftPackageProductDependency;
			package = 7A2853532D89761200638A02 /* XCRemoteSwiftPackageReference "SnapKit" */;
			productName = SnapKit;
		};
/* End XCSwiftPackageProductDependency section */
	};
	rootObject = B10C714A2D89164200DD41B6 /* Project object */;
}
